
Microsoft Visual Studio Solution File, Format Version 12.00
# Visual Studio Version 16
VisualStudioVersion = 16.0.30611.23
MinimumVisualStudioVersion = 10.0.40219.1
Project("{FAE04EC0-301F-11D3-BF4B-00C04F79EFBC}") = "ComidaPlantillaControl", "ComidaPlantillaControl\ComidaPlantillaControl.csproj", "{646D1885-693F-4DE2-B94B-6B2973CA1BDE}"
EndProject
Global
	GlobalSection(SolutionConfigurationPlatforms) = preSolution
		Debug|Any CPU = Debug|Any CPU
		Release|Any CPU = Release|Any CPU
	EndGlobalSection
	GlobalSection(ProjectConfigurationPlatforms) = postSolution
		{646D1885-693F-4DE2-B94B-6B2973CA1BDE}.Debug|Any CPU.ActiveCfg = Debug|Any CPU
		{646D1885-693F-4DE2-B94B-6B2973CA1BDE}.Debug|Any CPU.Build.0 = Debug|Any CPU
		{646D1885-693F-4DE2-B94B-6B2973CA1BDE}.Release|Any CPU.ActiveCfg = Release|Any CPU
		{646D1885-693F-4DE2-B94B-6B2973CA1BDE}.Release|Any CPU.Build.0 = Release|Any CPU
	EndGlobalSection
	GlobalSection(SolutionProperties) = preSolution
		HideSolutionNode = FALSE
	EndGlobalSection
	GlobalSection(ExtensibilityGlobals) = postSolution
		SolutionGuid = {7F5977F9-9915-421F-9118-20C2CA363195}
	EndGlobalSection
EndGlobal
